
Microsoft Visual Studio Solution File, Format Version 12.00
# Visual Studio Version 17
VisualStudioVersion = 17.9.34728.123
MinimumVisualStudioVersion = 10.0.40219.1
Project("{8BC9CEB8-8B4A-11D0-8D11-00A0C91BC942}") = "CI-CD_AndreaQuin", "CI-CD_AndreaQuin.vcxproj", "{50B7CA7C-78D2-4E3F-B283-3040C036D922}"
EndProject
Global
	GlobalSection(SolutionConfigurationPlatforms) = preSolution
		Debug|x64 = Debug|x64
		Debug|x86 = Debug|x86
		Release|x64 = Release|x64
		Release|x86 = Release|x86
	EndGlobalSection
	GlobalSection(ProjectConfigurationPlatforms) = postSolution
		{50B7CA7C-78D2-4E3F-B283-3040C036D922}.Debug|x64.ActiveCfg = Debug|x64
		{50B7CA7C-78D2-4E3F-B283-3040C036D922}.Debug|x64.Build.0 = Debug|x64
		{50B7CA7C-78D2-4E3F-B283-3040C036D922}.Debug|x86.ActiveCfg = Debug|Win32
		{50B7CA7C-78D2-4E3F-B283-3040C036D922}.Debug|x86.Build.0 = Debug|Win32
		{50B7CA7C-78D2-4E3F-B283-3040C036D922}.Release|x64.ActiveCfg = Release|x64
		{50B7CA7C-78D2-4E3F-B283-3040C036D922}.Release|x64.Build.0 = Release|x64
		{50B7CA7C-78D2-4E3F-B283-3040C036D922}.Release|x86.ActiveCfg = Release|Win32
		{50B7CA7C-78D2-4E3F-B283-3040C036D922}.Release|x86.Build.0 = Release|Win32
	EndGlobalSection
	GlobalSection(SolutionProperties) = preSolution
		HideSolutionNode = FALSE
	EndGlobalSection
	GlobalSection(ExtensibilityGlobals) = postSolution
		SolutionGuid = {68C4DEBD-C08E-4C5F-8F33-CE79570EB6EC}
	EndGlobalSection
EndGlobal
